
Microsoft Visual Studio Solution File, Format Version 12.00
# Visual Studio Version 17
VisualStudioVersion = 17.4.33213.308
MinimumVisualStudioVersion = 10.0.40219.1
Project("{FAE04EC0-301F-11D3-BF4B-00C04F79EFBC}") = "lab11", "lab11\lab11.csproj", "{3DB1A162-0436-4140-AC14-50FAFD6B7C79}"
EndProject
Global
	GlobalSection(SolutionConfigurationPlatforms) = preSolution
		Debug|Any CPU = Debug|Any CPU
		Release|Any CPU = Release|Any CPU
	EndGlobalSection
	GlobalSection(ProjectConfigurationPlatforms) = postSolution
		{3DB1A162-0436-4140-AC14-50FAFD6B7C79}.Debug|Any CPU.ActiveCfg = Debug|Any CPU
		{3DB1A162-0436-4140-AC14-50FAFD6B7C79}.Debug|Any CPU.Build.0 = Debug|Any CPU
		{3DB1A162-0436-4140-AC14-50FAFD6B7C79}.Release|Any CPU.ActiveCfg = Release|Any CPU
		{3DB1A162-0436-4140-AC14-50FAFD6B7C79}.Release|Any CPU.Build.0 = Release|Any CPU
	EndGlobalSection
	GlobalSection(SolutionProperties) = preSolution
		HideSolutionNode = FALSE
	EndGlobalSection
	GlobalSection(ExtensibilityGlobals) = postSolution
		SolutionGuid = {7BDEA336-A192-4DC0-8CA5-36CEF2A3E217}
	EndGlobalSection
EndGlobal
